// !$*UTF8*$!
{
	archiveVersion = 1;
	classes = {
	};
	objectVersion = 46;
	objects = {

/* Begin PBXBuildFile section */
		00E356F31AD99517003FC87E /* RNUpdateRepoTests.m in Sources */ = {isa = PBXBuildFile; fileRef = 00E356F21AD99517003FC87E /* RNUpdateRepoTests.m */; };
		13B07FBC1A68108700A75B9A /* AppDelegate.m in Sources */ = {isa = PBXBuildFile; fileRef = 13B07FB01A68108700A75B9A /* AppDelegate.m */; };
		13B07FBD1A68108700A75B9A /* LaunchScreen.xib in Resources */ = {isa = PBXBuildFile; fileRef = 13B07FB11A68108700A75B9A /* LaunchScreen.xib */; };
		13B07FC11A68108700A75B9A /* main.m in Sources */ = {isa = PBXBuildFile; fileRef = 13B07FB71A68108700A75B9A /* main.m */; };
		240204F05578434FB2DB4843 /* Feather.ttf in Resources */ = {isa = PBXBuildFile; fileRef = 14A3E57CE3E448C1BE997146 /* Feather.ttf */; };
		37217732955246A4A7CFED73 /* Octicons.ttf in Resources */ = {isa = PBXBuildFile; fileRef = 493C0BE5A091438384CC81CB /* Octicons.ttf */; };
		38F52224AB8248B4828CB8C5 /* SimpleLineIcons.ttf in Resources */ = {isa = PBXBuildFile; fileRef = FB7DF96AA36747D3AE98900B /* SimpleLineIcons.ttf */; };
		3A8D94A2A4844514A24CBC2D /* EvilIcons.ttf in Resources */ = {isa = PBXBuildFile; fileRef = 2D4DD685B09B479DA15D2430 /* EvilIcons.ttf */; };
		4634E25C7F55429E908E7D90 /* MaterialCommunityIcons.ttf in Resources */ = {isa = PBXBuildFile; fileRef = C46FA46556204C51BFF56322 /* MaterialCommunityIcons.ttf */; };
		51A836B734374F719671E7EA /* FontAwesome.ttf in Resources */ = {isa = PBXBuildFile; fileRef = 1529BE8A2AF541B9BDEBF0DE /* FontAwesome.ttf */; };
		56C70C9ACA51414B4190EBB3 /* libPods-RNUpdateRepo.a in Frameworks */ = {isa = PBXBuildFile; fileRef = 405172CC518207099C8F999C /* libPods-RNUpdateRepo.a */; };
		584BE79A65AE47A39B6C4C1C /* Foundation.ttf in Resources */ = {isa = PBXBuildFile; fileRef = 54014E08505B43B1A07399C6 /* Foundation.ttf */; };
		64A082E88F11464DA2496C21 /* MaterialIcons.ttf in Resources */ = {isa = PBXBuildFile; fileRef = 595D132E10FF4E72942C62C1 /* MaterialIcons.ttf */; };
		704A0EFA8B13499C8C16928F /* AntDesign.ttf in Resources */ = {isa = PBXBuildFile; fileRef = 301E0DE72F9A48E88288D3EF /* AntDesign.ttf */; };
		824583293F4748BC81B4C970 /* FontAwesome5_Solid.ttf in Resources */ = {isa = PBXBuildFile; fileRef = 963367E7F186406FB507D227 /* FontAwesome5_Solid.ttf */; };
		8D70FCDD23582A9D005C4F45 /* File.swift in Sources */ = {isa = PBXBuildFile; fileRef = 8D70FCDC23582A9D005C4F45 /* File.swift */; };
		8DDEEA44233841C3006AC6EC /* Images.xcassets in Resources */ = {isa = PBXBuildFile; fileRef = 8DDEEA43233841C2006AC6EC /* Images.xcassets */; };
		90DCB769A3274D6CAF500939 /* Zocial.ttf in Resources */ = {isa = PBXBuildFile; fileRef = D12E7F043D254594AB5A619C /* Zocial.ttf */; };
		9C8694FAB4BF446FB92AD902 /* Ionicons.ttf in Resources */ = {isa = PBXBuildFile; fileRef = 0D3B93852DAD4E988C19CBB5 /* Ionicons.ttf */; };
		ABFFF64D839F464F916E1A99 /* FontAwesome5_Brands.ttf in Resources */ = {isa = PBXBuildFile; fileRef = 95400AF39C8C4960B1D1F497 /* FontAwesome5_Brands.ttf */; };
		C7DF83E906F35BE66C004C8C /* libPods-RNUpdateRepoTests.a in Frameworks */ = {isa = PBXBuildFile; fileRef = 313C3E611C06F1E36EA1E511 /* libPods-RNUpdateRepoTests.a */; };
		D12382C1D7ED492B94482026 /* Fontisto.ttf in Resources */ = {isa = PBXBuildFile; fileRef = B80B8C6512ED42C8B74C2332 /* Fontisto.ttf */; };
		D2ED92C0635549BF8BEB701D /* Entypo.ttf in Resources */ = {isa = PBXBuildFile; fileRef = 5DB12E61AF484E5D9AA53437 /* Entypo.ttf */; };
		FAA2BB19F1E04796892C0C42 /* FontAwesome5_Regular.ttf in Resources */ = {isa = PBXBuildFile; fileRef = 8854033DE1314ED59B580EB1 /* FontAwesome5_Regular.ttf */; };
/* End PBXBuildFile section */

/* Begin PBXContainerItemProxy section */
		00E356F41AD99517003FC87E /* PBXContainerItemProxy */ = {
			isa = PBXContainerItemProxy;
			containerPortal = 83CBB9F71A601CBA00E9B192 /* Project object */;
			proxyType = 1;
			remoteGlobalIDString = 13B07F861A680F5B00A75B9A;
			remoteInfo = RNUpdateRepo;
		};
		8DB47B0D23544000009FA8E6 /* PBXContainerItemProxy */ = {
			isa = PBXContainerItemProxy;
			containerPortal = 8DB47B0523543FF2009FA8E6 /* Lottie.xcodeproj */;
			proxyType = 2;
			remoteGlobalIDString = 486E83B2220A317C007CD915;
			remoteInfo = Lottie_iOS;
		};
		8DB47B0F23544000009FA8E6 /* PBXContainerItemProxy */ = {
			isa = PBXContainerItemProxy;
			containerPortal = 8DB47B0523543FF2009FA8E6 /* Lottie.xcodeproj */;
			proxyType = 2;
			remoteGlobalIDString = 486E84E2220A357D007CD915;
			remoteInfo = Lottie_tvOS;
		};
		8DB47B1123544000009FA8E6 /* PBXContainerItemProxy */ = {
			isa = PBXContainerItemProxy;
			containerPortal = 8DB47B0523543FF2009FA8E6 /* Lottie.xcodeproj */;
			proxyType = 2;
			remoteGlobalIDString = 486E8567220A3605007CD915;
			remoteInfo = Lottie_macOS;
		};
		8DB47B1323544000009FA8E6 /* PBXContainerItemProxy */ = {
			isa = PBXContainerItemProxy;
			containerPortal = 8DB47B0523543FF2009FA8E6 /* Lottie.xcodeproj */;
			proxyType = 2;
			remoteGlobalIDString = 486E85F3220A36F6007CD915;
			remoteInfo = LottieLibraryIOS;
		};
		8DB47B1523544000009FA8E6 /* PBXContainerItemProxy */ = {
			isa = PBXContainerItemProxy;
			containerPortal = 8DB47B0523543FF2009FA8E6 /* Lottie.xcodeproj */;
			proxyType = 2;
			remoteGlobalIDString = 486E8675220A3751007CD915;
			remoteInfo = LottieLibraryMacOS;
		};
		8DB47B1F2354407A009FA8E6 /* PBXContainerItemProxy */ = {
			isa = PBXContainerItemProxy;
			containerPortal = 8DB47B172354407A009FA8E6 /* Lottie.xcodeproj */;
			proxyType = 2;
			remoteGlobalIDString = 486E83B2220A317C007CD915;
			remoteInfo = Lottie_iOS;
		};
		8DB47B212354407A009FA8E6 /* PBXContainerItemProxy */ = {
			isa = PBXContainerItemProxy;
			containerPortal = 8DB47B172354407A009FA8E6 /* Lottie.xcodeproj */;
			proxyType = 2;
			remoteGlobalIDString = 486E84E2220A357D007CD915;
			remoteInfo = Lottie_tvOS;
		};
		8DB47B232354407A009FA8E6 /* PBXContainerItemProxy */ = {
			isa = PBXContainerItemProxy;
			containerPortal = 8DB47B172354407A009FA8E6 /* Lottie.xcodeproj */;
			proxyType = 2;
			remoteGlobalIDString = 486E8567220A3605007CD915;
			remoteInfo = Lottie_macOS;
		};
		8DB47B252354407A009FA8E6 /* PBXContainerItemProxy */ = {
			isa = PBXContainerItemProxy;
			containerPortal = 8DB47B172354407A009FA8E6 /* Lottie.xcodeproj */;
			proxyType = 2;
			remoteGlobalIDString = 486E85F3220A36F6007CD915;
			remoteInfo = LottieLibraryIOS;
		};
		8DB47B272354407A009FA8E6 /* PBXContainerItemProxy */ = {
			isa = PBXContainerItemProxy;
			containerPortal = 8DB47B172354407A009FA8E6 /* Lottie.xcodeproj */;
			proxyType = 2;
			remoteGlobalIDString = 486E8675220A3751007CD915;
			remoteInfo = LottieLibraryMacOS;
		};
		8DB47B2D23544083009FA8E6 /* PBXContainerItemProxy */ = {
			isa = PBXContainerItemProxy;
			containerPortal = 8DB47B2923544083009FA8E6 /* LottieReactNative.xcodeproj */;
			proxyType = 2;
			remoteGlobalIDString = 11FA5C511C4A1296003AC2EE;
			remoteInfo = LottieReactNative;
		};
/* End PBXContainerItemProxy section */

/* Begin PBXFileReference section */
		008F07F21AC5B25A0029DE68 /* main.jsbundle */ = {isa = PBXFileReference; fileEncoding = 4; lastKnownFileType = text; path = main.jsbundle; sourceTree = "<group>"; };
		00E356EE1AD99517003FC87E /* RNUpdateRepoTests.xctest */ = {isa = PBXFileReference; explicitFileType = wrapper.cfbundle; includeInIndex = 0; path = RNUpdateRepoTests.xctest; sourceTree = BUILT_PRODUCTS_DIR; };
		00E356F11AD99517003FC87E /* Info.plist */ = {isa = PBXFileReference; lastKnownFileType = text.plist.xml; path = Info.plist; sourceTree = "<group>"; };
		00E356F21AD99517003FC87E /* RNUpdateRepoTests.m */ = {isa = PBXFileReference; lastKnownFileType = sourcecode.c.objc; path = RNUpdateRepoTests.m; sourceTree = "<group>"; };
		0D3B93852DAD4E988C19CBB5 /* Ionicons.ttf */ = {isa = PBXFileReference; explicitFileType = undefined; fileEncoding = 9; includeInIndex = 0; lastKnownFileType = unknown; name = Ionicons.ttf; path = "../node_modules/react-native-vector-icons/Fonts/Ionicons.ttf"; sourceTree = "<group>"; };
		13B07F961A680F5B00A75B9A /* RNUpdateRepo.app */ = {isa = PBXFileReference; explicitFileType = wrapper.application; includeInIndex = 0; path = RNUpdateRepo.app; sourceTree = BUILT_PRODUCTS_DIR; };
		13B07FAF1A68108700A75B9A /* AppDelegate.h */ = {isa = PBXFileReference; fileEncoding = 4; lastKnownFileType = sourcecode.c.h; name = AppDelegate.h; path = RNUpdateRepo/AppDelegate.h; sourceTree = "<group>"; };
		13B07FB01A68108700A75B9A /* AppDelegate.m */ = {isa = PBXFileReference; fileEncoding = 4; lastKnownFileType = sourcecode.c.objc; name = AppDelegate.m; path = RNUpdateRepo/AppDelegate.m; sourceTree = "<group>"; };
		13B07FB21A68108700A75B9A /* Base */ = {isa = PBXFileReference; lastKnownFileType = file.xib; name = Base; path = Base.lproj/LaunchScreen.xib; sourceTree = "<group>"; };
		13B07FB61A68108700A75B9A /* Info.plist */ = {isa = PBXFileReference; fileEncoding = 4; lastKnownFileType = text.plist.xml; name = Info.plist; path = RNUpdateRepo/Info.plist; sourceTree = "<group>"; };
		13B07FB71A68108700A75B9A /* main.m */ = {isa = PBXFileReference; fileEncoding = 4; lastKnownFileType = sourcecode.c.objc; name = main.m; path = RNUpdateRepo/main.m; sourceTree = "<group>"; };
		14A3E57CE3E448C1BE997146 /* Feather.ttf */ = {isa = PBXFileReference; explicitFileType = undefined; fileEncoding = 9; includeInIndex = 0; lastKnownFileType = unknown; name = Feather.ttf; path = "../node_modules/react-native-vector-icons/Fonts/Feather.ttf"; sourceTree = "<group>"; };
		1529BE8A2AF541B9BDEBF0DE /* FontAwesome.ttf */ = {isa = PBXFileReference; explicitFileType = undefined; fileEncoding = 9; includeInIndex = 0; lastKnownFileType = unknown; name = FontAwesome.ttf; path = "../node_modules/react-native-vector-icons/Fonts/FontAwesome.ttf"; sourceTree = "<group>"; };
		2420ED7C9B309B3589212776 /* Pods-RNUpdateRepo.release.xcconfig */ = {isa = PBXFileReference; includeInIndex = 1; lastKnownFileType = text.xcconfig; name = "Pods-RNUpdateRepo.release.xcconfig"; path = "Target Support Files/Pods-RNUpdateRepo/Pods-RNUpdateRepo.release.xcconfig"; sourceTree = "<group>"; };
		2CB3844DAE5F5BB8982643BA /* Pods-RNUpdateRepoTests.release.xcconfig */ = {isa = PBXFileReference; includeInIndex = 1; lastKnownFileType = text.xcconfig; name = "Pods-RNUpdateRepoTests.release.xcconfig"; path = "Target Support Files/Pods-RNUpdateRepoTests/Pods-RNUpdateRepoTests.release.xcconfig"; sourceTree = "<group>"; };
		2D16E6891FA4F8E400B85C8A /* libReact.a */ = {isa = PBXFileReference; explicitFileType = archive.ar; path = libReact.a; sourceTree = BUILT_PRODUCTS_DIR; };
		2D4DD685B09B479DA15D2430 /* EvilIcons.ttf */ = {isa = PBXFileReference; explicitFileType = undefined; fileEncoding = 9; includeInIndex = 0; lastKnownFileType = unknown; name = EvilIcons.ttf; path = "../node_modules/react-native-vector-icons/Fonts/EvilIcons.ttf"; sourceTree = "<group>"; };
		301E0DE72F9A48E88288D3EF /* AntDesign.ttf */ = {isa = PBXFileReference; explicitFileType = undefined; fileEncoding = 9; includeInIndex = 0; lastKnownFileType = unknown; name = AntDesign.ttf; path = "../node_modules/react-native-vector-icons/Fonts/AntDesign.ttf"; sourceTree = "<group>"; };
		313C3E611C06F1E36EA1E511 /* libPods-RNUpdateRepoTests.a */ = {isa = PBXFileReference; explicitFileType = archive.ar; includeInIndex = 0; path = "libPods-RNUpdateRepoTests.a"; sourceTree = BUILT_PRODUCTS_DIR; };
		405172CC518207099C8F999C /* libPods-RNUpdateRepo.a */ = {isa = PBXFileReference; explicitFileType = archive.ar; includeInIndex = 0; path = "libPods-RNUpdateRepo.a"; sourceTree = BUILT_PRODUCTS_DIR; };
		493C0BE5A091438384CC81CB /* Octicons.ttf */ = {isa = PBXFileReference; explicitFileType = undefined; fileEncoding = 9; includeInIndex = 0; lastKnownFileType = unknown; name = Octicons.ttf; path = "../node_modules/react-native-vector-icons/Fonts/Octicons.ttf"; sourceTree = "<group>"; };
		518D4938ACB8E076E01CA1CF /* Pods-RNUpdateRepoTests.debug.xcconfig */ = {isa = PBXFileReference; includeInIndex = 1; lastKnownFileType = text.xcconfig; name = "Pods-RNUpdateRepoTests.debug.xcconfig"; path = "Target Support Files/Pods-RNUpdateRepoTests/Pods-RNUpdateRepoTests.debug.xcconfig"; sourceTree = "<group>"; };
		5253285B25C3989248723113 /* Pods-RNUpdateRepo.debug.xcconfig */ = {isa = PBXFileReference; includeInIndex = 1; lastKnownFileType = text.xcconfig; name = "Pods-RNUpdateRepo.debug.xcconfig"; path = "Target Support Files/Pods-RNUpdateRepo/Pods-RNUpdateRepo.debug.xcconfig"; sourceTree = "<group>"; };
		54014E08505B43B1A07399C6 /* Foundation.ttf */ = {isa = PBXFileReference; explicitFileType = undefined; fileEncoding = 9; includeInIndex = 0; lastKnownFileType = unknown; name = Foundation.ttf; path = "../node_modules/react-native-vector-icons/Fonts/Foundation.ttf"; sourceTree = "<group>"; };
		595D132E10FF4E72942C62C1 /* MaterialIcons.ttf */ = {isa = PBXFileReference; explicitFileType = undefined; fileEncoding = 9; includeInIndex = 0; lastKnownFileType = unknown; name = MaterialIcons.ttf; path = "../node_modules/react-native-vector-icons/Fonts/MaterialIcons.ttf"; sourceTree = "<group>"; };
		5DB12E61AF484E5D9AA53437 /* Entypo.ttf */ = {isa = PBXFileReference; explicitFileType = undefined; fileEncoding = 9; includeInIndex = 0; lastKnownFileType = unknown; name = Entypo.ttf; path = "../node_modules/react-native-vector-icons/Fonts/Entypo.ttf"; sourceTree = "<group>"; };
		8854033DE1314ED59B580EB1 /* FontAwesome5_Regular.ttf */ = {isa = PBXFileReference; explicitFileType = undefined; fileEncoding = 9; includeInIndex = 0; lastKnownFileType = unknown; name = FontAwesome5_Regular.ttf; path = "../node_modules/react-native-vector-icons/Fonts/FontAwesome5_Regular.ttf"; sourceTree = "<group>"; };
		8D70FCDB23582A9D005C4F45 /* RNUpdateRepo-Bridging-Header.h */ = {isa = PBXFileReference; lastKnownFileType = sourcecode.c.h; path = "RNUpdateRepo-Bridging-Header.h"; sourceTree = "<group>"; };
		8D70FCDC23582A9D005C4F45 /* File.swift */ = {isa = PBXFileReference; lastKnownFileType = sourcecode.swift; path = File.swift; sourceTree = "<group>"; };
		8DB47B0523543FF2009FA8E6 /* Lottie.xcodeproj */ = {isa = PBXFileReference; lastKnownFileType = "wrapper.pb-project"; name = Lottie.xcodeproj; path = "../node_modules/lottie-ios/Lottie.xcodeproj"; sourceTree = "<group>"; };
		8DB47B172354407A009FA8E6 /* Lottie.xcodeproj */ = {isa = PBXFileReference; lastKnownFileType = "wrapper.pb-project"; name = Lottie.xcodeproj; path = "../node_modules/lottie-ios/Lottie.xcodeproj"; sourceTree = "<group>"; };
		8DB47B2923544083009FA8E6 /* LottieReactNative.xcodeproj */ = {isa = PBXFileReference; lastKnownFileType = "wrapper.pb-project"; name = LottieReactNative.xcodeproj; path = "../node_modules/lottie-react-native/src/ios/LottieReactNative.xcodeproj"; sourceTree = "<group>"; };
		8DDEEA43233841C2006AC6EC /* Images.xcassets */ = {isa = PBXFileReference; lastKnownFileType = folder.assetcatalog; name = Images.xcassets; path = RNUpdateRepo/Images.xcassets; sourceTree = "<group>"; };
		95400AF39C8C4960B1D1F497 /* FontAwesome5_Brands.ttf */ = {isa = PBXFileReference; explicitFileType = undefined; fileEncoding = 9; includeInIndex = 0; lastKnownFileType = unknown; name = FontAwesome5_Brands.ttf; path = "../node_modules/react-native-vector-icons/Fonts/FontAwesome5_Brands.ttf"; sourceTree = "<group>"; };
		963367E7F186406FB507D227 /* FontAwesome5_Solid.ttf */ = {isa = PBXFileReference; explicitFileType = undefined; fileEncoding = 9; includeInIndex = 0; lastKnownFileType = unknown; name = FontAwesome5_Solid.ttf; path = "../node_modules/react-native-vector-icons/Fonts/FontAwesome5_Solid.ttf"; sourceTree = "<group>"; };
		B80B8C6512ED42C8B74C2332 /* Fontisto.ttf */ = {isa = PBXFileReference; explicitFileType = undefined; fileEncoding = 9; includeInIndex = 0; lastKnownFileType = unknown; name = Fontisto.ttf; path = "../node_modules/react-native-vector-icons/Fonts/Fontisto.ttf"; sourceTree = "<group>"; };
		C46FA46556204C51BFF56322 /* MaterialCommunityIcons.ttf */ = {isa = PBXFileReference; explicitFileType = undefined; fileEncoding = 9; includeInIndex = 0; lastKnownFileType = unknown; name = MaterialCommunityIcons.ttf; path = "../node_modules/react-native-vector-icons/Fonts/MaterialCommunityIcons.ttf"; sourceTree = "<group>"; };
		D12E7F043D254594AB5A619C /* Zocial.ttf */ = {isa = PBXFileReference; explicitFileType = undefined; fileEncoding = 9; includeInIndex = 0; lastKnownFileType = unknown; name = Zocial.ttf; path = "../node_modules/react-native-vector-icons/Fonts/Zocial.ttf"; sourceTree = "<group>"; };
		ED297162215061F000B7C4FE /* JavaScriptCore.framework */ = {isa = PBXFileReference; lastKnownFileType = wrapper.framework; name = JavaScriptCore.framework; path = System/Library/Frameworks/JavaScriptCore.framework; sourceTree = SDKROOT; };
		ED2971642150620600B7C4FE /* JavaScriptCore.framework */ = {isa = PBXFileReference; lastKnownFileType = wrapper.framework; name = JavaScriptCore.framework; path = Platforms/AppleTVOS.platform/Developer/SDKs/AppleTVOS12.0.sdk/System/Library/Frameworks/JavaScriptCore.framework; sourceTree = DEVELOPER_DIR; };
		FB7DF96AA36747D3AE98900B /* SimpleLineIcons.ttf */ = {isa = PBXFileReference; explicitFileType = undefined; fileEncoding = 9; includeInIndex = 0; lastKnownFileType = unknown; name = SimpleLineIcons.ttf; path = "../node_modules/react-native-vector-icons/Fonts/SimpleLineIcons.ttf"; sourceTree = "<group>"; };
/* End PBXFileReference section */

/* Begin PBXFrameworksBuildPhase section */
		00E356EB1AD99517003FC87E /* Frameworks */ = {
			isa = PBXFrameworksBuildPhase;
			buildActionMask = 2147483647;
			files = (
				C7DF83E906F35BE66C004C8C /* libPods-RNUpdateRepoTests.a in Frameworks */,
			);
			runOnlyForDeploymentPostprocessing = 0;
		};
		13B07F8C1A680F5B00A75B9A /* Frameworks */ = {
			isa = PBXFrameworksBuildPhase;
			buildActionMask = 2147483647;
			files = (
				56C70C9ACA51414B4190EBB3 /* libPods-RNUpdateRepo.a in Frameworks */,
			);
			runOnlyForDeploymentPostprocessing = 0;
		};
/* End PBXFrameworksBuildPhase section */

/* Begin PBXGroup section */
		00E356EF1AD99517003FC87E /* RNUpdateRepoTests */ = {
			isa = PBXGroup;
			children = (
				00E356F21AD99517003FC87E /* RNUpdateRepoTests.m */,
				00E356F01AD99517003FC87E /* Supporting Files */,
			);
			path = RNUpdateRepoTests;
			sourceTree = "<group>";
		};
		00E356F01AD99517003FC87E /* Supporting Files */ = {
			isa = PBXGroup;
			children = (
				00E356F11AD99517003FC87E /* Info.plist */,
			);
			name = "Supporting Files";
			sourceTree = "<group>";
		};
		13B07FAE1A68108700A75B9A /* RNUpdateRepo */ = {
			isa = PBXGroup;
			children = (
				8D70FCDC23582A9D005C4F45 /* File.swift */,
				008F07F21AC5B25A0029DE68 /* main.jsbundle */,
				13B07FAF1A68108700A75B9A /* AppDelegate.h */,
				13B07FB01A68108700A75B9A /* AppDelegate.m */,
				8DDEEA43233841C2006AC6EC /* Images.xcassets */,
				13B07FB61A68108700A75B9A /* Info.plist */,
				13B07FB11A68108700A75B9A /* LaunchScreen.xib */,
				13B07FB71A68108700A75B9A /* main.m */,
			);
			name = RNUpdateRepo;
			sourceTree = "<group>";
		};
		2D16E6871FA4F8E400B85C8A /* Frameworks */ = {
			isa = PBXGroup;
			children = (
				8DB47B0523543FF2009FA8E6 /* Lottie.xcodeproj */,
				ED297162215061F000B7C4FE /* JavaScriptCore.framework */,
				ED2971642150620600B7C4FE /* JavaScriptCore.framework */,
				2D16E6891FA4F8E400B85C8A /* libReact.a */,
				405172CC518207099C8F999C /* libPods-RNUpdateRepo.a */,
				313C3E611C06F1E36EA1E511 /* libPods-RNUpdateRepoTests.a */,
			);
			name = Frameworks;
			sourceTree = "<group>";
		};
		68E23225AC78098B9E1BA8C4 /* Pods */ = {
			isa = PBXGroup;
			children = (
				5253285B25C3989248723113 /* Pods-RNUpdateRepo.debug.xcconfig */,
				2420ED7C9B309B3589212776 /* Pods-RNUpdateRepo.release.xcconfig */,
				518D4938ACB8E076E01CA1CF /* Pods-RNUpdateRepoTests.debug.xcconfig */,
				2CB3844DAE5F5BB8982643BA /* Pods-RNUpdateRepoTests.release.xcconfig */,
			);
			path = Pods;
			sourceTree = "<group>";
		};
		832341AE1AAA6A7D00B99B32 /* Libraries */ = {
			isa = PBXGroup;
			children = (
				8DB47B2923544083009FA8E6 /* LottieReactNative.xcodeproj */,
				8DB47B172354407A009FA8E6 /* Lottie.xcodeproj */,
			);
			name = Libraries;
			sourceTree = "<group>";
		};
		83CBB9F61A601CBA00E9B192 = {
			isa = PBXGroup;
			children = (
				13B07FAE1A68108700A75B9A /* RNUpdateRepo */,
				832341AE1AAA6A7D00B99B32 /* Libraries */,
				00E356EF1AD99517003FC87E /* RNUpdateRepoTests */,
				83CBBA001A601CBA00E9B192 /* Products */,
				2D16E6871FA4F8E400B85C8A /* Frameworks */,
				68E23225AC78098B9E1BA8C4 /* Pods */,
				A25C9E4D53054C4DAC0EBB34 /* Resources */,
				8D70FCDB23582A9D005C4F45 /* RNUpdateRepo-Bridging-Header.h */,
			);
			indentWidth = 2;
			sourceTree = "<group>";
			tabWidth = 2;
			usesTabs = 0;
		};
		83CBBA001A601CBA00E9B192 /* Products */ = {
			isa = PBXGroup;
			children = (
				13B07F961A680F5B00A75B9A /* RNUpdateRepo.app */,
				00E356EE1AD99517003FC87E /* RNUpdateRepoTests.xctest */,
			);
			name = Products;
			sourceTree = "<group>";
		};
		8DB47B0623543FF2009FA8E6 /* Products */ = {
			isa = PBXGroup;
			children = (
				8DB47B0E23544000009FA8E6 /* Lottie.framework */,
				8DB47B1023544000009FA8E6 /* Lottie.framework */,
				8DB47B1223544000009FA8E6 /* Lottie.framework */,
				8DB47B1423544000009FA8E6 /* libLottie.a */,
				8DB47B1623544000009FA8E6 /* libLottie.a */,
			);
			name = Products;
			sourceTree = "<group>";
		};
		8DB47B182354407A009FA8E6 /* Products */ = {
			isa = PBXGroup;
			children = (
				8DB47B202354407A009FA8E6 /* Lottie.framework */,
				8DB47B222354407A009FA8E6 /* Lottie.framework */,
				8DB47B242354407A009FA8E6 /* Lottie.framework */,
				8DB47B262354407A009FA8E6 /* libLottie.a */,
				8DB47B282354407A009FA8E6 /* libLottie.a */,
			);
			name = Products;
			sourceTree = "<group>";
		};
		8DB47B2A23544083009FA8E6 /* Products */ = {
			isa = PBXGroup;
			children = (
				8DB47B2E23544083009FA8E6 /* libLottieReactNative.a */,
			);
			name = Products;
			sourceTree = "<group>";
		};
		A25C9E4D53054C4DAC0EBB34 /* Resources */ = {
			isa = PBXGroup;
			children = (
				301E0DE72F9A48E88288D3EF /* AntDesign.ttf */,
				5DB12E61AF484E5D9AA53437 /* Entypo.ttf */,
				2D4DD685B09B479DA15D2430 /* EvilIcons.ttf */,
				14A3E57CE3E448C1BE997146 /* Feather.ttf */,
				1529BE8A2AF541B9BDEBF0DE /* FontAwesome.ttf */,
				95400AF39C8C4960B1D1F497 /* FontAwesome5_Brands.ttf */,
				8854033DE1314ED59B580EB1 /* FontAwesome5_Regular.ttf */,
				963367E7F186406FB507D227 /* FontAwesome5_Solid.ttf */,
				B80B8C6512ED42C8B74C2332 /* Fontisto.ttf */,
				54014E08505B43B1A07399C6 /* Foundation.ttf */,
				0D3B93852DAD4E988C19CBB5 /* Ionicons.ttf */,
				C46FA46556204C51BFF56322 /* MaterialCommunityIcons.ttf */,
				595D132E10FF4E72942C62C1 /* MaterialIcons.ttf */,
				493C0BE5A091438384CC81CB /* Octicons.ttf */,
				FB7DF96AA36747D3AE98900B /* SimpleLineIcons.ttf */,
				D12E7F043D254594AB5A619C /* Zocial.ttf */,
			);
			name = Resources;
			sourceTree = "<group>";
		};
/* End PBXGroup section */

/* Begin PBXNativeTarget section */
		00E356ED1AD99517003FC87E /* RNUpdateRepoTests */ = {
			isa = PBXNativeTarget;
			buildConfigurationList = 00E357021AD99517003FC87E /* Build configuration list for PBXNativeTarget "RNUpdateRepoTests" */;
			buildPhases = (
				0F605A1C6026440071CE6EFC /* [CP] Check Pods Manifest.lock */,
				00E356EA1AD99517003FC87E /* Sources */,
				00E356EB1AD99517003FC87E /* Frameworks */,
				00E356EC1AD99517003FC87E /* Resources */,
			);
			buildRules = (
			);
			dependencies = (
				00E356F51AD99517003FC87E /* PBXTargetDependency */,
			);
			name = RNUpdateRepoTests;
			productName = RNUpdateRepoTests;
			productReference = 00E356EE1AD99517003FC87E /* RNUpdateRepoTests.xctest */;
			productType = "com.apple.product-type.bundle.unit-test";
		};
		13B07F861A680F5B00A75B9A /* RNUpdateRepo */ = {
			isa = PBXNativeTarget;
			buildConfigurationList = 13B07F931A680F5B00A75B9A /* Build configuration list for PBXNativeTarget "RNUpdateRepo" */;
			buildPhases = (
				4AE5C39E4D81BC616438957B /* [CP] Check Pods Manifest.lock */,
				FD4C38642228810C00325AF5 /* Start Packager */,
				13B07F871A680F5B00A75B9A /* Sources */,
				13B07F8C1A680F5B00A75B9A /* Frameworks */,
				13B07F8E1A680F5B00A75B9A /* Resources */,
				00DD1BFF1BD5951E006B06BC /* Bundle React Native code and images */,
				FED9D6757D17F1504E39E327 /* [CP] Copy Pods Resources */,
			);
			buildRules = (
			);
			dependencies = (
			);
			name = RNUpdateRepo;
			productName = "Hello World";
			productReference = 13B07F961A680F5B00A75B9A /* RNUpdateRepo.app */;
			productType = "com.apple.product-type.application";
		};
/* End PBXNativeTarget section */

/* Begin PBXProject section */
		83CBB9F71A601CBA00E9B192 /* Project object */ = {
			isa = PBXProject;
			attributes = {
				LastUpgradeCheck = 940;
				ORGANIZATIONNAME = "Chapi Labs";
				TargetAttributes = {
					00E356ED1AD99517003FC87E = {
						CreatedOnToolsVersion = 6.2;
						DevelopmentTeam = GGGP7AV2E7;
						TestTargetID = 13B07F861A680F5B00A75B9A;
					};
					13B07F861A680F5B00A75B9A = {
						DevelopmentTeam = GGGP7AV2E7;
						LastSwiftMigration = 1030;
					};
				};
			};
			buildConfigurationList = 83CBB9FA1A601CBA00E9B192 /* Build configuration list for PBXProject "RNUpdateRepo" */;
			compatibilityVersion = "Xcode 3.2";
			developmentRegion = English;
			hasScannedForEncodings = 0;
			knownRegions = (
				English,
				en,
				Base,
			);
			mainGroup = 83CBB9F61A601CBA00E9B192;
			productRefGroup = 83CBBA001A601CBA00E9B192 /* Products */;
			projectDirPath = "";
			projectReferences = (
				{
					ProductGroup = 8DB47B182354407A009FA8E6 /* Products */;
					ProjectRef = 8DB47B172354407A009FA8E6 /* Lottie.xcodeproj */;
				},
				{
					ProductGroup = 8DB47B0623543FF2009FA8E6 /* Products */;
					ProjectRef = 8DB47B0523543FF2009FA8E6 /* Lottie.xcodeproj */;
				},
				{
					ProductGroup = 8DB47B2A23544083009FA8E6 /* Products */;
					ProjectRef = 8DB47B2923544083009FA8E6 /* LottieReactNative.xcodeproj */;
				},
			);
			projectRoot = "";
			targets = (
				13B07F861A680F5B00A75B9A /* RNUpdateRepo */,
				00E356ED1AD99517003FC87E /* RNUpdateRepoTests */,
			);
		};
/* End PBXProject section */

/* Begin PBXReferenceProxy section */
		8DB47B0E23544000009FA8E6 /* Lottie.framework */ = {
			isa = PBXReferenceProxy;
			fileType = wrapper.framework;
			path = Lottie.framework;
			remoteRef = 8DB47B0D23544000009FA8E6 /* PBXContainerItemProxy */;
			sourceTree = BUILT_PRODUCTS_DIR;
		};
		8DB47B1023544000009FA8E6 /* Lottie.framework */ = {
			isa = PBXReferenceProxy;
			fileType = wrapper.framework;
			path = Lottie.framework;
			remoteRef = 8DB47B0F23544000009FA8E6 /* PBXContainerItemProxy */;
			sourceTree = BUILT_PRODUCTS_DIR;
		};
		8DB47B1223544000009FA8E6 /* Lottie.framework */ = {
			isa = PBXReferenceProxy;
			fileType = wrapper.framework;
			path = Lottie.framework;
			remoteRef = 8DB47B1123544000009FA8E6 /* PBXContainerItemProxy */;
			sourceTree = BUILT_PRODUCTS_DIR;
		};
		8DB47B1423544000009FA8E6 /* libLottie.a */ = {
			isa = PBXReferenceProxy;
			fileType = archive.ar;
			path = libLottie.a;
			remoteRef = 8DB47B1323544000009FA8E6 /* PBXContainerItemProxy */;
			sourceTree = BUILT_PRODUCTS_DIR;
		};
		8DB47B1623544000009FA8E6 /* libLottie.a */ = {
			isa = PBXReferenceProxy;
			fileType = archive.ar;
			path = libLottie.a;
			remoteRef = 8DB47B1523544000009FA8E6 /* PBXContainerItemProxy */;
			sourceTree = BUILT_PRODUCTS_DIR;
		};
		8DB47B202354407A009FA8E6 /* Lottie.framework */ = {
			isa = PBXReferenceProxy;
			fileType = wrapper.framework;
			path = Lottie.framework;
			remoteRef = 8DB47B1F2354407A009FA8E6 /* PBXContainerItemProxy */;
			sourceTree = BUILT_PRODUCTS_DIR;
		};
		8DB47B222354407A009FA8E6 /* Lottie.framework */ = {
			isa = PBXReferenceProxy;
			fileType = wrapper.framework;
			path = Lottie.framework;
			remoteRef = 8DB47B212354407A009FA8E6 /* PBXContainerItemProxy */;
			sourceTree = BUILT_PRODUCTS_DIR;
		};
		8DB47B242354407A009FA8E6 /* Lottie.framework */ = {
			isa = PBXReferenceProxy;
			fileType = wrapper.framework;
			path = Lottie.framework;
			remoteRef = 8DB47B232354407A009FA8E6 /* PBXContainerItemProxy */;
			sourceTree = BUILT_PRODUCTS_DIR;
		};
		8DB47B262354407A009FA8E6 /* libLottie.a */ = {
			isa = PBXReferenceProxy;
			fileType = archive.ar;
			path = libLottie.a;
			remoteRef = 8DB47B252354407A009FA8E6 /* PBXContainerItemProxy */;
			sourceTree = BUILT_PRODUCTS_DIR;
		};
		8DB47B282354407A009FA8E6 /* libLottie.a */ = {
			isa = PBXReferenceProxy;
			fileType = archive.ar;
			path = libLottie.a;
			remoteRef = 8DB47B272354407A009FA8E6 /* PBXContainerItemProxy */;
			sourceTree = BUILT_PRODUCTS_DIR;
		};
		8DB47B2E23544083009FA8E6 /* libLottieReactNative.a */ = {
			isa = PBXReferenceProxy;
			fileType = archive.ar;
			path = libLottieReactNative.a;
			remoteRef = 8DB47B2D23544083009FA8E6 /* PBXContainerItemProxy */;
			sourceTree = BUILT_PRODUCTS_DIR;
		};
/* End PBXReferenceProxy section */

/* Begin PBXResourcesBuildPhase section */
		00E356EC1AD99517003FC87E /* Resources */ = {
			isa = PBXResourcesBuildPhase;
			buildActionMask = 2147483647;
			files = (
			);
			runOnlyForDeploymentPostprocessing = 0;
		};
		13B07F8E1A680F5B00A75B9A /* Resources */ = {
			isa = PBXResourcesBuildPhase;
			buildActionMask = 2147483647;
			files = (
				13B07FBD1A68108700A75B9A /* LaunchScreen.xib in Resources */,
				8DDEEA44233841C3006AC6EC /* Images.xcassets in Resources */,
				704A0EFA8B13499C8C16928F /* AntDesign.ttf in Resources */,
				D2ED92C0635549BF8BEB701D /* Entypo.ttf in Resources */,
				3A8D94A2A4844514A24CBC2D /* EvilIcons.ttf in Resources */,
				240204F05578434FB2DB4843 /* Feather.ttf in Resources */,
				51A836B734374F719671E7EA /* FontAwesome.ttf in Resources */,
				ABFFF64D839F464F916E1A99 /* FontAwesome5_Brands.ttf in Resources */,
				FAA2BB19F1E04796892C0C42 /* FontAwesome5_Regular.ttf in Resources */,
				824583293F4748BC81B4C970 /* FontAwesome5_Solid.ttf in Resources */,
				D12382C1D7ED492B94482026 /* Fontisto.ttf in Resources */,
				584BE79A65AE47A39B6C4C1C /* Foundation.ttf in Resources */,
				9C8694FAB4BF446FB92AD902 /* Ionicons.ttf in Resources */,
				4634E25C7F55429E908E7D90 /* MaterialCommunityIcons.ttf in Resources */,
				64A082E88F11464DA2496C21 /* MaterialIcons.ttf in Resources */,
				37217732955246A4A7CFED73 /* Octicons.ttf in Resources */,
				38F52224AB8248B4828CB8C5 /* SimpleLineIcons.ttf in Resources */,
				90DCB769A3274D6CAF500939 /* Zocial.ttf in Resources */,
			);
			runOnlyForDeploymentPostprocessing = 0;
		};
/* End PBXResourcesBuildPhase section */

/* Begin PBXShellScriptBuildPhase section */
		00DD1BFF1BD5951E006B06BC /* Bundle React Native code and images */ = {
			isa = PBXShellScriptBuildPhase;
			buildActionMask = 2147483647;
			files = (
			);
			inputPaths = (
			);
			name = "Bundle React Native code and images";
			outputPaths = (
			);
			runOnlyForDeploymentPostprocessing = 0;
			shellPath = /bin/sh;
			shellScript = "export NODE_BINARY=node\n../node_modules/react-native/scripts/react-native-xcode.sh";
		};
		0F605A1C6026440071CE6EFC /* [CP] Check Pods Manifest.lock */ = {
			isa = PBXShellScriptBuildPhase;
			buildActionMask = 2147483647;
			files = (
			);
			inputFileListPaths = (
			);
			inputPaths = (
				"${PODS_PODFILE_DIR_PATH}/Podfile.lock",
				"${PODS_ROOT}/Manifest.lock",
			);
			name = "[CP] Check Pods Manifest.lock";
			outputFileListPaths = (
			);
			outputPaths = (
				"$(DERIVED_FILE_DIR)/Pods-RNUpdateRepoTests-checkManifestLockResult.txt",
			);
			runOnlyForDeploymentPostprocessing = 0;
			shellPath = /bin/sh;
			shellScript = "diff \"${PODS_PODFILE_DIR_PATH}/Podfile.lock\" \"${PODS_ROOT}/Manifest.lock\" > /dev/null\nif [ $? != 0 ] ; then\n    # print error to STDERR\n    echo \"error: The sandbox is not in sync with the Podfile.lock. Run 'pod install' or update your CocoaPods installation.\" >&2\n    exit 1\nfi\n# This output is used by Xcode 'outputs' to avoid re-running this script phase.\necho \"SUCCESS\" > \"${SCRIPT_OUTPUT_FILE_0}\"\n";
			showEnvVarsInLog = 0;
		};
		4AE5C39E4D81BC616438957B /* [CP] Check Pods Manifest.lock */ = {
			isa = PBXShellScriptBuildPhase;
			buildActionMask = 2147483647;
			files = (
			);
			inputFileListPaths = (
			);
			inputPaths = (
				"${PODS_PODFILE_DIR_PATH}/Podfile.lock",
				"${PODS_ROOT}/Manifest.lock",
			);
			name = "[CP] Check Pods Manifest.lock";
			outputFileListPaths = (
			);
			outputPaths = (
				"$(DERIVED_FILE_DIR)/Pods-RNUpdateRepo-checkManifestLockResult.txt",
			);
			runOnlyForDeploymentPostprocessing = 0;
			shellPath = /bin/sh;
			shellScript = "diff \"${PODS_PODFILE_DIR_PATH}/Podfile.lock\" \"${PODS_ROOT}/Manifest.lock\" > /dev/null\nif [ $? != 0 ] ; then\n    # print error to STDERR\n    echo \"error: The sandbox is not in sync with the Podfile.lock. Run 'pod install' or update your CocoaPods installation.\" >&2\n    exit 1\nfi\n# This output is used by Xcode 'outputs' to avoid re-running this script phase.\necho \"SUCCESS\" > \"${SCRIPT_OUTPUT_FILE_0}\"\n";
			showEnvVarsInLog = 0;
		};
		FD4C38642228810C00325AF5 /* Start Packager */ = {
			isa = PBXShellScriptBuildPhase;
			buildActionMask = 2147483647;
			files = (
			);
			inputFileListPaths = (
			);
			inputPaths = (
			);
			name = "Start Packager";
			outputFileListPaths = (
			);
			outputPaths = (
			);
			runOnlyForDeploymentPostprocessing = 0;
			shellPath = /bin/sh;
			shellScript = "export RCT_METRO_PORT=\"${RCT_METRO_PORT:=8081}\"\necho \"export RCT_METRO_PORT=${RCT_METRO_PORT}\" > \"${SRCROOT}/../node_modules/react-native/scripts/.packager.env\"\nif [ -z \"${RCT_NO_LAUNCH_PACKAGER+xxx}\" ] ; then\n  if nc -w 5 -z localhost ${RCT_METRO_PORT} ; then\n    if ! curl -s \"http://localhost:${RCT_METRO_PORT}/status\" | grep -q \"packager-status:running\" ; then\n      echo \"Port ${RCT_METRO_PORT} already in use, packager is either not running or not running correctly\"\n      exit 2\n    fi\n  else\n    open \"$SRCROOT/../node_modules/react-native/scripts/launchPackager.command\" || echo \"Can't start packager automatically\"\n  fi\nfi\n";
			showEnvVarsInLog = 0;
		};
		FED9D6757D17F1504E39E327 /* [CP] Copy Pods Resources */ = {
			isa = PBXShellScriptBuildPhase;
			buildActionMask = 2147483647;
			files = (
			);
			inputPaths = (
				"${PODS_ROOT}/Target Support Files/Pods-RNUpdateRepo/Pods-RNUpdateRepo-resources.sh",
				"${PODS_ROOT}/GoogleMaps/Maps/Frameworks/GoogleMaps.framework/Resources/GoogleMaps.bundle",
			);
			name = "[CP] Copy Pods Resources";
			outputPaths = (
				"${TARGET_BUILD_DIR}/${UNLOCALIZED_RESOURCES_FOLDER_PATH}/GoogleMaps.bundle",
			);
			runOnlyForDeploymentPostprocessing = 0;
			shellPath = /bin/sh;
			shellScript = "\"${PODS_ROOT}/Target Support Files/Pods-RNUpdateRepo/Pods-RNUpdateRepo-resources.sh\"\n";
			showEnvVarsInLog = 0;
		};
/* End PBXShellScriptBuildPhase section */

/* Begin PBXSourcesBuildPhase section */
		00E356EA1AD99517003FC87E /* Sources */ = {
			isa = PBXSourcesBuildPhase;
			buildActionMask = 2147483647;
			files = (
				00E356F31AD99517003FC87E /* RNUpdateRepoTests.m in Sources */,
			);
			runOnlyForDeploymentPostprocessing = 0;
		};
		13B07F871A680F5B00A75B9A /* Sources */ = {
			isa = PBXSourcesBuildPhase;
			buildActionMask = 2147483647;
			files = (
				13B07FBC1A68108700A75B9A /* AppDelegate.m in Sources */,
				8D70FCDD23582A9D005C4F45 /* File.swift in Sources */,
				13B07FC11A68108700A75B9A /* main.m in Sources */,
			);
			runOnlyForDeploymentPostprocessing = 0;
		};
/* End PBXSourcesBuildPhase section */

/* Begin PBXTargetDependency section */
		00E356F51AD99517003FC87E /* PBXTargetDependency */ = {
			isa = PBXTargetDependency;
			target = 13B07F861A680F5B00A75B9A /* RNUpdateRepo */;
			targetProxy = 00E356F41AD99517003FC87E /* PBXContainerItemProxy */;
		};
/* End PBXTargetDependency section */

/* Begin PBXVariantGroup section */
		13B07FB11A68108700A75B9A /* LaunchScreen.xib */ = {
			isa = PBXVariantGroup;
			children = (
				13B07FB21A68108700A75B9A /* Base */,
			);
			name = LaunchScreen.xib;
			path = RNUpdateRepo;
			sourceTree = "<group>";
		};
/* End PBXVariantGroup section */

/* Begin XCBuildConfiguration section */
		00E356F61AD99517003FC87E /* Debug */ = {
			isa = XCBuildConfiguration;
			baseConfigurationReference = 518D4938ACB8E076E01CA1CF /* Pods-RNUpdateRepoTests.debug.xcconfig */;
			buildSettings = {
				ALWAYS_EMBED_SWIFT_STANDARD_LIBRARIES = YES;
				BUNDLE_LOADER = "$(TEST_HOST)";
				DEVELOPMENT_TEAM = GGGP7AV2E7;
				GCC_PREPROCESSOR_DEFINITIONS = (
					"DEBUG=1",
					"$(inherited)",
				);
				INFOPLIST_FILE = RNUpdateRepoTests/Info.plist;
				IPHONEOS_DEPLOYMENT_TARGET = 9.0;
				LD_RUNPATH_SEARCH_PATHS = "$(inherited) @executable_path/Frameworks @loader_path/Frameworks";
				OTHER_LDFLAGS = (
					"$(inherited)",
					"-ObjC",
					"-lc++",
				);
				PRODUCT_BUNDLE_IDENTIFIER = "org.reactjs.native.example.$(PRODUCT_NAME:rfc1034identifier)";
				PRODUCT_NAME = "$(TARGET_NAME)";
				TEST_HOST = "$(BUILT_PRODUCTS_DIR)/RNUpdateRepo.app/RNUpdateRepo";
			};
			name = Debug;
		};
		00E356F71AD99517003FC87E /* Release */ = {
			isa = XCBuildConfiguration;
			baseConfigurationReference = 2CB3844DAE5F5BB8982643BA /* Pods-RNUpdateRepoTests.release.xcconfig */;
			buildSettings = {
				ALWAYS_EMBED_SWIFT_STANDARD_LIBRARIES = YES;
				BUNDLE_LOADER = "$(TEST_HOST)";
				COPY_PHASE_STRIP = NO;
				DEVELOPMENT_TEAM = GGGP7AV2E7;
				INFOPLIST_FILE = RNUpdateRepoTests/Info.plist;
				IPHONEOS_DEPLOYMENT_TARGET = 9.0;
				LD_RUNPATH_SEARCH_PATHS = "$(inherited) @executable_path/Frameworks @loader_path/Frameworks";
				OTHER_LDFLAGS = (
					"$(inherited)",
					"-ObjC",
					"-lc++",
				);
				PRODUCT_BUNDLE_IDENTIFIER = "org.reactjs.native.example.$(PRODUCT_NAME:rfc1034identifier)";
				PRODUCT_NAME = "$(TARGET_NAME)";
				TEST_HOST = "$(BUILT_PRODUCTS_DIR)/RNUpdateRepo.app/RNUpdateRepo";
			};
			name = Release;
		};
		13B07F941A680F5B00A75B9A /* Debug */ = {
			isa = XCBuildConfiguration;
			baseConfigurationReference = 5253285B25C3989248723113 /* Pods-RNUpdateRepo.debug.xcconfig */;
			buildSettings = {
				ASSETCATALOG_COMPILER_APPICON_NAME = AppIcon;
				CLANG_ENABLE_MODULES = YES;
				CURRENT_PROJECT_VERSION = 1;
				DEAD_CODE_STRIPPING = NO;
				DEVELOPMENT_TEAM = GGGP7AV2E7;
				INFOPLIST_FILE = RNUpdateRepo/Info.plist;
				LD_RUNPATH_SEARCH_PATHS = "$(inherited) @executable_path/Frameworks";
				OTHER_LDFLAGS = (
					"$(inherited)",
					"-ObjC",
					"-lc++",
				);
				PRODUCT_BUNDLE_IDENTIFIER = org.chapilabs.uni;
				PRODUCT_NAME = RNUpdateRepo;
				SWIFT_OBJC_BRIDGING_HEADER = "RNUpdateRepo-Bridging-Header.h";
				SWIFT_OPTIMIZATION_LEVEL = "-Onone";
				SWIFT_VERSION = 5.0;
				VERSIONING_SYSTEM = "apple-generic";
			};
			name = Debug;
		};
		13B07F951A680F5B00A75B9A /* Release */ = {
			isa = XCBuildConfiguration;
			baseConfigurationReference = 2420ED7C9B309B3589212776 /* Pods-RNUpdateRepo.release.xcconfig */;
			buildSettings = {
				ASSETCATALOG_COMPILER_APPICON_NAME = AppIcon;
				CLANG_ENABLE_MODULES = YES;
				CURRENT_PROJECT_VERSION = 1;
				DEVELOPMENT_TEAM = GGGP7AV2E7;
				INFOPLIST_FILE = RNUpdateRepo/Info.plist;
				LD_RUNPATH_SEARCH_PATHS = "$(inherited) @executable_path/Frameworks";
				OTHER_LDFLAGS = (
					"$(inherited)",
					"-ObjC",
					"-lc++",
				);
				PRODUCT_BUNDLE_IDENTIFIER = org.chapilabs.uni;
				PRODUCT_NAME = RNUpdateRepo;
				SWIFT_OBJC_BRIDGING_HEADER = "RNUpdateRepo-Bridging-Header.h";
				SWIFT_VERSION = 5.0;
				VERSIONING_SYSTEM = "apple-generic";
			};
			name = Release;
		};
		83CBBA201A601CBA00E9B192 /* Debug */ = {
			isa = XCBuildConfiguration;
			buildSettings = {
				ALWAYS_SEARCH_USER_PATHS = NO;
				CLANG_CXX_LANGUAGE_STANDARD = "gnu++0x";
				CLANG_CXX_LIBRARY = "libc++";
				CLANG_ENABLE_MODULES = YES;
				CLANG_ENABLE_OBJC_ARC = YES;
				CLANG_WARN_BLOCK_CAPTURE_AUTORELEASING = YES;
				CLANG_WARN_BOOL_CONVERSION = YES;
				CLANG_WARN_COMMA = YES;
				CLANG_WARN_CONSTANT_CONVERSION = YES;
				CLANG_WARN_DEPRECATED_OBJC_IMPLEMENTATIONS = YES;
				CLANG_WARN_DIRECT_OBJC_ISA_USAGE = YES_ERROR;
				CLANG_WARN_EMPTY_BODY = YES;
				CLANG_WARN_ENUM_CONVERSION = YES;
				CLANG_WARN_INFINITE_RECURSION = YES;
				CLANG_WARN_INT_CONVERSION = YES;
				CLANG_WARN_NON_LITERAL_NULL_CONVERSION = YES;
				CLANG_WARN_OBJC_IMPLICIT_RETAIN_SELF = YES;
				CLANG_WARN_OBJC_LITERAL_CONVERSION = YES;
				CLANG_WARN_OBJC_ROOT_CLASS = YES_ERROR;
				CLANG_WARN_RANGE_LOOP_ANALYSIS = YES;
				CLANG_WARN_STRICT_PROTOTYPES = YES;
				CLANG_WARN_SUSPICIOUS_MOVE = YES;
				CLANG_WARN_UNREACHABLE_CODE = YES;
				CLANG_WARN__DUPLICATE_METHOD_MATCH = YES;
				"CODE_SIGN_IDENTITY[sdk=iphoneos*]" = "iPhone Developer";
				COPY_PHASE_STRIP = NO;
				ENABLE_STRICT_OBJC_MSGSEND = YES;
				ENABLE_TESTABILITY = YES;
				GCC_C_LANGUAGE_STANDARD = gnu99;
				GCC_DYNAMIC_NO_PIC = NO;
				GCC_NO_COMMON_BLOCKS = YES;
				GCC_OPTIMIZATION_LEVEL = 0;
				GCC_PREPROCESSOR_DEFINITIONS = (
					"DEBUG=1",
					"$(inherited)",
				);
				GCC_SYMBOLS_PRIVATE_EXTERN = NO;
				GCC_WARN_64_TO_32_BIT_CONVERSION = YES;
				GCC_WARN_ABOUT_RETURN_TYPE = YES_ERROR;
				GCC_WARN_UNDECLARED_SELECTOR = YES;
				GCC_WARN_UNINITIALIZED_AUTOS = YES_AGGRESSIVE;
				GCC_WARN_UNUSED_FUNCTION = YES;
				GCC_WARN_UNUSED_VARIABLE = YES;
				IPHONEOS_DEPLOYMENT_TARGET = 9.0;
				MTL_ENABLE_DEBUG_INFO = YES;
				ONLY_ACTIVE_ARCH = YES;
				SDKROOT = iphoneos;
			};
			name = Debug;
		};
		83CBBA211A601CBA00E9B192 /* Release */ = {
			isa = XCBuildConfiguration;
			buildSettings = {
				ALWAYS_SEARCH_USER_PATHS = NO;
				CLANG_CXX_LANGUAGE_STANDARD = "gnu++0x";
				CLANG_CXX_LIBRARY = "libc++";
				CLANG_ENABLE_MODULES = YES;
				CLANG_ENABLE_OBJC_ARC = YES;
				CLANG_WARN_BLOCK_CAPTURE_AUTORELEASING = YES;
				CLANG_WARN_BOOL_CONVERSION = YES;
				CLANG_WARN_COMMA = YES;
				CLANG_WARN_CONSTANT_CONVERSION = YES;
				CLANG_WARN_DEPRECATED_OBJC_IMPLEMENTATIONS = YES;
				CLANG_WARN_DIRECT_OBJC_ISA_USAGE = YES_ERROR;
				CLANG_WARN_EMPTY_BODY = YES;
				CLANG_WARN_ENUM_CONVERSION = YES;
				CLANG_WARN_INFINITE_RECURSION = YES;
				CLANG_WARN_INT_CONVERSION = YES;
				CLANG_WARN_NON_LITERAL_NULL_CONVERSION = YES;
				CLANG_WARN_OBJC_IMPLICIT_RETAIN_SELF = YES;
				CLANG_WARN_OBJC_LITERAL_CONVERSION = YES;
				CLANG_WARN_OBJC_ROOT_CLASS = YES_ERROR;
				CLANG_WARN_RANGE_LOOP_ANALYSIS = YES;
				CLANG_WARN_STRICT_PROTOTYPES = YES;
				CLANG_WARN_SUSPICIOUS_MOVE = YES;
				CLANG_WARN_UNREACHABLE_CODE = YES;
				CLANG_WARN__DUPLICATE_METHOD_MATCH = YES;
				"CODE_SIGN_IDENTITY[sdk=iphoneos*]" = "iPhone Developer";
				COPY_PHASE_STRIP = YES;
				ENABLE_NS_ASSERTIONS = NO;
				ENABLE_STRICT_OBJC_MSGSEND = YES;
				GCC_C_LANGUAGE_STANDARD = gnu99;
				GCC_NO_COMMON_BLOCKS = YES;
				GCC_WARN_64_TO_32_BIT_CONVERSION = YES;
				GCC_WARN_ABOUT_RETURN_TYPE = YES_ERROR;
				GCC_WARN_UNDECLARED_SELECTOR = YES;
				GCC_WARN_UNINITIALIZED_AUTOS = YES_AGGRESSIVE;
				GCC_WARN_UNUSED_FUNCTION = YES;
				GCC_WARN_UNUSED_VARIABLE = YES;
				IPHONEOS_DEPLOYMENT_TARGET = 9.0;
				MTL_ENABLE_DEBUG_INFO = NO;
				SDKROOT = iphoneos;
				VALIDATE_PRODUCT = YES;
			};
			name = Release;
		};
/* End XCBuildConfiguration section */

/* Begin XCConfigurationList section */
		00E357021AD99517003FC87E /* Build configuration list for PBXNativeTarget "RNUpdateRepoTests" */ = {
			isa = XCConfigurationList;
			buildConfigurations = (
				00E356F61AD99517003FC87E /* Debug */,
				00E356F71AD99517003FC87E /* Release */,
			);
			defaultConfigurationIsVisible = 0;
			defaultConfigurationName = Release;
		};
		13B07F931A680F5B00A75B9A /* Build configuration list for PBXNativeTarget "RNUpdateRepo" */ = {
			isa = XCConfigurationList;
			buildConfigurations = (
				13B07F941A680F5B00A75B9A /* Debug */,
				13B07F951A680F5B00A75B9A /* Release */,
			);
			defaultConfigurationIsVisible = 0;
			defaultConfigurationName = Release;
		};
		83CBB9FA1A601CBA00E9B192 /* Build configuration list for PBXProject "RNUpdateRepo" */ = {
			isa = XCConfigurationList;
			buildConfigurations = (
				83CBBA201A601CBA00E9B192 /* Debug */,
				83CBBA211A601CBA00E9B192 /* Release */,
			);
			defaultConfigurationIsVisible = 0;
			defaultConfigurationName = Release;
		};
/* End XCConfigurationList section */
	};
	rootObject = 83CBB9F71A601CBA00E9B192 /* Project object */;
}
